github.com/samber/lo v1.37.0 h1:XjVcB8g6tgUp8rsPsJ2CvhClfImrpL04YpQHXeHPhRw=
github.com/samber/lo v1.37.0/go.mod h1:9vaz2O4o8oOnK23pd2TrXufcbdbJIa3b6cstBWKpopA=
golang.org/x/exp v0.0.0-20230223210539-50820d90acfd h1:wtFuj4DoOcAdb82Zh2PI90xiaqgp7maYA7KxjQXVtkY=
golang.org/x/exp v0.0.0-20230223210539-50820d90acfd/go.mod h1:CxIveKay+FTh1D0yPZemJVgC/95VzuuOLq5Qi4xnoYc=
